// !$*UTF8*$!
{
	archiveVersion = 1;
	classes = {
	};
	objectVersion = 46;
	objects = {

/* Begin PBXBuildFile section */
		40A2A5AA1EAE194E00A0241D /* AppDelegate.swift in Sources */ = {isa = PBXBuildFile; fileRef = 40A2A5A91EAE194E00A0241D /* AppDelegate.swift */; };
		40A2A5AC1EAE194E00A0241D /* ViewController.swift in Sources */ = {isa = PBXBuildFile; fileRef = 40A2A5AB1EAE194E00A0241D /* ViewController.swift */; };
		40A2A5AF1EAE194E00A0241D /* Main.storyboard in Resources */ = {isa = PBXBuildFile; fileRef = 40A2A5AD1EAE194E00A0241D /* Main.storyboard */; };
		40A2A5B11EAE194E00A0241D /* Assets.xcassets in Resources */ = {isa = PBXBuildFile; fileRef = 40A2A5B01EAE194E00A0241D /* Assets.xcassets */; };
		40A2A5B41EAE194E00A0241D /* LaunchScreen.storyboard in Resources */ = {isa = PBXBuildFile; fileRef = 40A2A5B21EAE194E00A0241D /* LaunchScreen.storyboard */; };
		40A2A5BF1EAE194E00A0241D /* day04Tests.swift in Sources */ = {isa = PBXBuildFile; fileRef = 40A2A5BE1EAE194E00A0241D /* day04Tests.swift */; };
		40A2A5CA1EAE194E00A0241D /* day04UITests.swift in Sources */ = {isa = PBXBuildFile; fileRef = 40A2A5C91EAE194E00A0241D /* day04UITests.swift */; };
		40A2A5D81EAE1DF700A0241D /* TwitCell.swift in Sources */ = {isa = PBXBuildFile; fileRef = 40A2A5D71EAE1DF700A0241D /* TwitCell.swift */; };
/* End PBXBuildFile section */

/* Begin PBXContainerItemProxy section */
		40A2A5BB1EAE194E00A0241D /* PBXContainerItemProxy */ = {
			isa = PBXContainerItemProxy;
			containerPortal = 40A2A59E1EAE194E00A0241D /* Project object */;
			proxyType = 1;
			remoteGlobalIDString = 40A2A5A51EAE194E00A0241D;
			remoteInfo = day04;
		};
		40A2A5C61EAE194E00A0241D /* PBXContainerItemProxy */ = {
			isa = PBXContainerItemProxy;
			containerPortal = 40A2A59E1EAE194E00A0241D /* Project object */;
			proxyType = 1;
			remoteGlobalIDString = 40A2A5A51EAE194E00A0241D;
			remoteInfo = day04;
		};
/* End PBXContainerItemProxy section */

/* Begin PBXFileReference section */
		40A2A5A61EAE194E00A0241D /* day04.app */ = {isa = PBXFileReference; explicitFileType = wrapper.application; includeInIndex = 0; path = day04.app; sourceTree = BUILT_PRODUCTS_DIR; };
		40A2A5A91EAE194E00A0241D /* AppDelegate.swift */ = {isa = PBXFileReference; lastKnownFileType = sourcecode.swift; path = AppDelegate.swift; sourceTree = "<group>"; };
		40A2A5AB1EAE194E00A0241D /* ViewController.swift */ = {isa = PBXFileReference; lastKnownFileType = sourcecode.swift; path = ViewController.swift; sourceTree = "<group>"; };
		40A2A5AE1EAE194E00A0241D /* Base */ = {isa = PBXFileReference; lastKnownFileType = file.storyboard; name = Base; path = Base.lproj/Main.storyboard; sourceTree = "<group>"; };
		40A2A5B01EAE194E00A0241D /* Assets.xcassets */ = {isa = PBXFileReference; lastKnownFileType = folder.assetcatalog; path = Assets.xcassets; sourceTree = "<group>"; };
		40A2A5B31EAE194E00A0241D /* Base */ = {isa = PBXFileReference; lastKnownFileType = file.storyboard; name = Base; path = Base.lproj/LaunchScreen.storyboard; sourceTree = "<group>"; };
		40A2A5B51EAE194E00A0241D /* Info.plist */ = {isa = PBXFileReference; lastKnownFileType = text.plist.xml; path = Info.plist; sourceTree = "<group>"; };
		40A2A5BA1EAE194E00A0241D /* day04Tests.xctest */ = {isa = PBXFileReference; explicitFileType = wrapper.cfbundle; includeInIndex = 0; path = day04Tests.xctest; sourceTree = BUILT_PRODUCTS_DIR; };
		40A2A5BE1EAE194E00A0241D /* day04Tests.swift */ = {isa = PBXFileReference; lastKnownFileType = sourcecode.swift; path = day04Tests.swift; sourceTree = "<group>"; };
		40A2A5C01EAE194E00A0241D /* Info.plist */ = {isa = PBXFileReference; lastKnownFileType = text.plist.xml; path = Info.plist; sourceTree = "<group>"; };
		40A2A5C51EAE194E00A0241D /* day04UITests.xctest */ = {isa = PBXFileReference; explicitFileType = wrapper.cfbundle; includeInIndex = 0; path = day04UITests.xctest; sourceTree = BUILT_PRODUCTS_DIR; };
		40A2A5C91EAE194E00A0241D /* day04UITests.swift */ = {isa = PBXFileReference; lastKnownFileType = sourcecode.swift; path = day04UITests.swift; sourceTree = "<group>"; };
		40A2A5CB1EAE194E00A0241D /* Info.plist */ = {isa = PBXFileReference; lastKnownFileType = text.plist.xml; path = Info.plist; sourceTree = "<group>"; };
		40A2A5D71EAE1DF700A0241D /* TwitCell.swift */ = {isa = PBXFileReference; fileEncoding = 4; lastKnownFileType = sourcecode.swift; path = TwitCell.swift; sourceTree = "<group>"; };
/* End PBXFileReference section */

/* Begin PBXFrameworksBuildPhase section */
		40A2A5A31EAE194E00A0241D /* Frameworks */ = {
			isa = PBXFrameworksBuildPhase;
			buildActionMask = 2147483647;
			files = (
			);
			runOnlyForDeploymentPostprocessing = 0;
		};
		40A2A5B71EAE194E00A0241D /* Frameworks */ = {
			isa = PBXFrameworksBuildPhase;
			buildActionMask = 2147483647;
			files = (
			);
			runOnlyForDeploymentPostprocessing = 0;
		};
		40A2A5C21EAE194E00A0241D /* Frameworks */ = {
			isa = PBXFrameworksBuildPhase;
			buildActionMask = 2147483647;
			files = (
			);
			runOnlyForDeploymentPostprocessing = 0;
		};
/* End PBXFrameworksBuildPhase section */

/* Begin PBXGroup section */
		40A2A59D1EAE194E00A0241D = {
			isa = PBXGroup;
			children = (
				40A2A5A81EAE194E00A0241D /* day04 */,
				40A2A5BD1EAE194E00A0241D /* day04Tests */,
				40A2A5C81EAE194E00A0241D /* day04UITests */,
				40A2A5A71EAE194E00A0241D /* Products */,
			);
			sourceTree = "<group>";
		};
		40A2A5A71EAE194E00A0241D /* Products */ = {
			isa = PBXGroup;
			children = (
				40A2A5A61EAE194E00A0241D /* day04.app */,
				40A2A5BA1EAE194E00A0241D /* day04Tests.xctest */,
				40A2A5C51EAE194E00A0241D /* day04UITests.xctest */,
			);
			name = Products;
			sourceTree = "<group>";
		};
		40A2A5A81EAE194E00A0241D /* day04 */ = {
			isa = PBXGroup;
			children = (
				40A2A5A91EAE194E00A0241D /* AppDelegate.swift */,
				40A2A5AB1EAE194E00A0241D /* ViewController.swift */,
				40A2A5D71EAE1DF700A0241D /* TwitCell.swift */,
				40A2A5AD1EAE194E00A0241D /* Main.storyboard */,
				40A2A5B01EAE194E00A0241D /* Assets.xcassets */,
				40A2A5B21EAE194E00A0241D /* LaunchScreen.storyboard */,
				40A2A5B51EAE194E00A0241D /* Info.plist */,
			);
			path = day04;
			sourceTree = "<group>";
		};
		40A2A5BD1EAE194E00A0241D /* day04Tests */ = {
			isa = PBXGroup;
			children = (
				40A2A5BE1EAE194E00A0241D /* day04Tests.swift */,
				40A2A5C01EAE194E00A0241D /* Info.plist */,
			);
			path = day04Tests;
			sourceTree = "<group>";
		};
		40A2A5C81EAE194E00A0241D /* day04UITests */ = {
			isa = PBXGroup;
			children = (
				40A2A5C91EAE194E00A0241D /* day04UITests.swift */,
				40A2A5CB1EAE194E00A0241D /* Info.plist */,
			);
			path = day04UITests;
			sourceTree = "<group>";
		};
/* End PBXGroup section */

/* Begin PBXNativeTarget section */
		40A2A5A51EAE194E00A0241D /* day04 */ = {
			isa = PBXNativeTarget;
			buildConfigurationList = 40A2A5CE1EAE194E00A0241D /* Build configuration list for PBXNativeTarget "day04" */;
			buildPhases = (
				40A2A5A21EAE194E00A0241D /* Sources */,
				40A2A5A31EAE194E00A0241D /* Frameworks */,
				40A2A5A41EAE194E00A0241D /* Resources */,
			);
			buildRules = (
			);
			dependencies = (
			);
			name = day04;
			productName = day04;
			productReference = 40A2A5A61EAE194E00A0241D /* day04.app */;
			productType = "com.apple.product-type.application";
		};
		40A2A5B91EAE194E00A0241D /* day04Tests */ = {
			isa = PBXNativeTarget;
			buildConfigurationList = 40A2A5D11EAE194E00A0241D /* Build configuration list for PBXNativeTarget "day04Tests" */;
			buildPhases = (
				40A2A5B61EAE194E00A0241D /* Sources */,
				40A2A5B71EAE194E00A0241D /* Frameworks */,
				40A2A5B81EAE194E00A0241D /* Resources */,
			);
			buildRules = (
			);
			dependencies = (
				40A2A5BC1EAE194E00A0241D /* PBXTargetDependency */,
			);
			name = day04Tests;
			productName = day04Tests;
			productReference = 40A2A5BA1EAE194E00A0241D /* day04Tests.xctest */;
			productType = "com.apple.product-type.bundle.unit-test";
		};
		40A2A5C41EAE194E00A0241D /* day04UITests */ = {
			isa = PBXNativeTarget;
			buildConfigurationList = 40A2A5D41EAE194E00A0241D /* Build configuration list for PBXNativeTarget "day04UITests" */;
			buildPhases = (
				40A2A5C11EAE194E00A0241D /* Sources */,
				40A2A5C21EAE194E00A0241D /* Frameworks */,
				40A2A5C31EAE194E00A0241D /* Resources */,
			);
			buildRules = (
			);
			dependencies = (
				40A2A5C71EAE194E00A0241D /* PBXTargetDependency */,
			);
			name = day04UITests;
			productName = day04UITests;
			productReference = 40A2A5C51EAE194E00A0241D /* day04UITests.xctest */;
			productType = "com.apple.product-type.bundle.ui-testing";
		};
/* End PBXNativeTarget section */

/* Begin PBXProject section */
		40A2A59E1EAE194E00A0241D /* Project object */ = {
			isa = PBXProject;
			attributes = {
				LastSwiftUpdateCheck = 0830;
				LastUpgradeCheck = 0830;
				ORGANIZATIONNAME = "Cristian Cosneanu";
				TargetAttributes = {
					40A2A5A51EAE194E00A0241D = {
						CreatedOnToolsVersion = 8.3.1;
						ProvisioningStyle = Automatic;
					};
					40A2A5B91EAE194E00A0241D = {
						CreatedOnToolsVersion = 8.3.1;
						ProvisioningStyle = Automatic;
						TestTargetID = 40A2A5A51EAE194E00A0241D;
					};
					40A2A5C41EAE194E00A0241D = {
						CreatedOnToolsVersion = 8.3.1;
						ProvisioningStyle = Automatic;
						TestTargetID = 40A2A5A51EAE194E00A0241D;
					};
				};
			};
			buildConfigurationList = 40A2A5A11EAE194E00A0241D /* Build configuration list for PBXProject "day04" */;
			compatibilityVersion = "Xcode 3.2";
			developmentRegion = English;
			hasScannedForEncodings = 0;
			knownRegions = (
				en,
				Base,
			);
			mainGroup = 40A2A59D1EAE194E00A0241D;
			productRefGroup = 40A2A5A71EAE194E00A0241D /* Products */;
			projectDirPath = "";
			projectRoot = "";
			targets = (
				40A2A5A51EAE194E00A0241D /* day04 */,
				40A2A5B91EAE194E00A0241D /* day04Tests */,
				40A2A5C41EAE194E00A0241D /* day04UITests */,
			);
		};
/* End PBXProject section */

/* Begin PBXResourcesBuildPhase section */
		40A2A5A41EAE194E00A0241D /* Resources */ = {
			isa = PBXResourcesBuildPhase;
			buildActionMask = 2147483647;
			files = (
				40A2A5B41EAE194E00A0241D /* LaunchScreen.storyboard in Resources */,
				40A2A5B11EAE194E00A0241D /* Assets.xcassets in Resources */,
				40A2A5AF1EAE194E00A0241D /* Main.storyboard in Resources */,
			);
			runOnlyForDeploymentPostprocessing = 0;
		};
		40A2A5B81EAE194E00A0241D /* Resources */ = {
			isa = PBXResourcesBuildPhase;
			buildActionMask = 2147483647;
			files = (
			);
			runOnlyForDeploymentPostprocessing = 0;
		};
		40A2A5C31EAE194E00A0241D /* Resources */ = {
			isa = PBXResourcesBuildPhase;
			buildActionMask = 2147483647;
			files = (
			);
			runOnlyForDeploymentPostprocessing = 0;
		};
/* End PBXResourcesBuildPhase section */

/* Begin PBXSourcesBuildPhase section */
		40A2A5A21EAE194E00A0241D /* Sources */ = {
			isa = PBXSourcesBuildPhase;
			buildActionMask = 2147483647;
			files = (
				40A2A5D81EAE1DF700A0241D /* TwitCell.swift in Sources */,
				40A2A5AC1EAE194E00A0241D /* ViewController.swift in Sources */,
				40A2A5AA1EAE194E00A0241D /* AppDelegate.swift in Sources */,
			);
			runOnlyForDeploymentPostprocessing = 0;
		};
		40A2A5B61EAE194E00A0241D /* Sources */ = {
			isa = PBXSourcesBuildPhase;
			buildActionMask = 2147483647;
			files = (
				40A2A5BF1EAE194E00A0241D /* day04Tests.swift in Sources */,
			);
			runOnlyForDeploymentPostprocessing = 0;
		};
		40A2A5C11EAE194E00A0241D /* Sources */ = {
			isa = PBXSourcesBuildPhase;
			buildActionMask = 2147483647;
			files = (
				40A2A5CA1EAE194E00A0241D /* day04UITests.swift in Sources */,
			);
			runOnlyForDeploymentPostprocessing = 0;
		};
/* End PBXSourcesBuildPhase section */

/* Begin PBXTargetDependency section */
		40A2A5BC1EAE194E00A0241D /* PBXTargetDependency */ = {
			isa = PBXTargetDependency;
			target = 40A2A5A51EAE194E00A0241D /* day04 */;
			targetProxy = 40A2A5BB1EAE194E00A0241D /* PBXContainerItemProxy */;
		};
		40A2A5C71EAE194E00A0241D /* PBXTargetDependency */ = {
			isa = PBXTargetDependency;
			target = 40A2A5A51EAE194E00A0241D /* day04 */;
			targetProxy = 40A2A5C61EAE194E00A0241D /* PBXContainerItemProxy */;
		};
/* End PBXTargetDependency section */

/* Begin PBXVariantGroup section */
		40A2A5AD1EAE194E00A0241D /* Main.storyboard */ = {
			isa = PBXVariantGroup;
			children = (
				40A2A5AE1EAE194E00A0241D /* Base */,
			);
			name = Main.storyboard;
			sourceTree = "<group>";
		};
		40A2A5B21EAE194E00A0241D /* LaunchScreen.storyboard */ = {
			isa = PBXVariantGroup;
			children = (
				40A2A5B31EAE194E00A0241D /* Base */,
			);
			name = LaunchScreen.storyboard;
			sourceTree = "<group>";
		};
/* End PBXVariantGroup section */

/* Begin XCBuildConfiguration section */
		40A2A5CC1EAE194E00A0241D /* Debug */ = {
			isa = XCBuildConfiguration;
			buildSettings = {
				ALWAYS_SEARCH_USER_PATHS = NO;
				CLANG_ANALYZER_NONNULL = YES;
				CLANG_ANALYZER_NUMBER_OBJECT_CONVERSION = YES_AGGRESSIVE;
				CLANG_CXX_LANGUAGE_STANDARD = "gnu++0x";
				CLANG_CXX_LIBRARY = "libc++";
				CLANG_ENABLE_MODULES = YES;
				CLANG_ENABLE_OBJC_ARC = YES;
				CLANG_WARN_BOOL_CONVERSION = YES;
				CLANG_WARN_CONSTANT_CONVERSION = YES;
				CLANG_WARN_DIRECT_OBJC_ISA_USAGE = YES_ERROR;
				CLANG_WARN_DOCUMENTATION_COMMENTS = YES;
				CLANG_WARN_EMPTY_BODY = YES;
				CLANG_WARN_ENUM_CONVERSION = YES;
				CLANG_WARN_INFINITE_RECURSION = YES;
				CLANG_WARN_INT_CONVERSION = YES;
				CLANG_WARN_OBJC_ROOT_CLASS = YES_ERROR;
				CLANG_WARN_SUSPICIOUS_MOVE = YES;
				CLANG_WARN_UNREACHABLE_CODE = YES;
				CLANG_WARN__DUPLICATE_METHOD_MATCH = YES;
				"CODE_SIGN_IDENTITY[sdk=iphoneos*]" = "iPhone Developer";
				COPY_PHASE_STRIP = NO;
				DEBUG_INFORMATION_FORMAT = dwarf;
				ENABLE_STRICT_OBJC_MSGSEND = YES;
				ENABLE_TESTABILITY = YES;
				GCC_C_LANGUAGE_STANDARD = gnu99;
				GCC_DYNAMIC_NO_PIC = NO;
				GCC_NO_COMMON_BLOCKS = YES;
				GCC_OPTIMIZATION_LEVEL = 0;
				GCC_PREPROCESSOR_DEFINITIONS = (
					"DEBUG=1",
					"$(inherited)",
				);
				GCC_WARN_64_TO_32_BIT_CONVERSION = YES;
				GCC_WARN_ABOUT_RETURN_TYPE = YES_ERROR;
				GCC_WARN_UNDECLARED_SELECTOR = YES;
				GCC_WARN_UNINITIALIZED_AUTOS = YES_AGGRESSIVE;
				GCC_WARN_UNUSED_FUNCTION = YES;
				GCC_WARN_UNUSED_VARIABLE = YES;
				IPHONEOS_DEPLOYMENT_TARGET = 10.3;
				MTL_ENABLE_DEBUG_INFO = YES;
				ONLY_ACTIVE_ARCH = YES;
				SDKROOT = iphoneos;
				SWIFT_ACTIVE_COMPILATION_CONDITIONS = DEBUG;
				SWIFT_OPTIMIZATION_LEVEL = "-Onone";
				TARGETED_DEVICE_FAMILY = "1,2";
			};
			name = Debug;
		};
		40A2A5CD1EAE194E00A0241D /* Release */ = {
			isa = XCBuildConfiguration;
			buildSettings = {
				ALWAYS_SEARCH_USER_PATHS = NO;
				CLANG_ANALYZER_NONNULL = YES;
				CLANG_ANALYZER_NUMBER_OBJECT_CONVERSION = YES_AGGRESSIVE;
				CLANG_CXX_LANGUAGE_STANDARD = "gnu++0x";
				CLANG_CXX_LIBRARY = "libc++";
				CLANG_ENABLE_MODULES = YES;
				CLANG_ENABLE_OBJC_ARC = YES;
				CLANG_WARN_BOOL_CONVERSION = YES;
				CLANG_WARN_CONSTANT_CONVERSION = YES;
				CLANG_WARN_DIRECT_OBJC_ISA_USAGE = YES_ERROR;
				CLANG_WARN_DOCUMENTATION_COMMENTS = YES;
				CLANG_WARN_EMPTY_BODY = YES;
				CLANG_WARN_ENUM_CONVERSION = YES;
				CLANG_WARN_INFINITE_RECURSION = YES;
				CLANG_WARN_INT_CONVERSION = YES;
				CLANG_WARN_OBJC_ROOT_CLASS = YES_ERROR;
				CLANG_WARN_SUSPICIOUS_MOVE = YES;
				CLANG_WARN_UNREACHABLE_CODE = YES;
				CLANG_WARN__DUPLICATE_METHOD_MATCH = YES;
				"CODE_SIGN_IDENTITY[sdk=iphoneos*]" = "iPhone Developer";
				COPY_PHASE_STRIP = NO;
				DEBUG_INFORMATION_FORMAT = "dwarf-with-dsym";
				ENABLE_NS_ASSERTIONS = NO;
				ENABLE_STRICT_OBJC_MSGSEND = YES;
				GCC_C_LANGUAGE_STANDARD = gnu99;
				GCC_NO_COMMON_BLOCKS = YES;
				GCC_WARN_64_TO_32_BIT_CONVERSION = YES;
				GCC_WARN_ABOUT_RETURN_TYPE = YES_ERROR;
				GCC_WARN_UNDECLARED_SELECTOR = YES;
				GCC_WARN_UNINITIALIZED_AUTOS = YES_AGGRESSIVE;
				GCC_WARN_UNUSED_FUNCTION = YES;
				GCC_WARN_UNUSED_VARIABLE = YES;
				IPHONEOS_DEPLOYMENT_TARGET = 10.3;
				MTL_ENABLE_DEBUG_INFO = NO;
				SDKROOT = iphoneos;
				SWIFT_OPTIMIZATION_LEVEL = "-Owholemodule";
				TARGETED_DEVICE_FAMILY = "1,2";
				VALIDATE_PRODUCT = YES;
			};
			name = Release;
		};
		40A2A5CF1EAE194E00A0241D /* Debug */ = {
			isa = XCBuildConfiguration;
			buildSettings = {
				ASSETCATALOG_COMPILER_APPICON_NAME = AppIcon;
				INFOPLIST_FILE = day04/Info.plist;
				LD_RUNPATH_SEARCH_PATHS = "$(inherited) @executable_path/Frameworks";
				PRODUCT_BUNDLE_IDENTIFIER = com.fitnesslabs.Photowave2.day04;
				PRODUCT_NAME = "$(TARGET_NAME)";
				SWIFT_VERSION = 3.0;
			};
			name = Debug;
		};
		40A2A5D01EAE194E00A0241D /* Release */ = {
			isa = XCBuildConfiguration;
			buildSettings = {
				ASSETCATALOG_COMPILER_APPICON_NAME = AppIcon;
				INFOPLIST_FILE = day04/Info.plist;
				LD_RUNPATH_SEARCH_PATHS = "$(inherited) @executable_path/Frameworks";
				PRODUCT_BUNDLE_IDENTIFIER = com.fitnesslabs.Photowave2.day04;
				PRODUCT_NAME = "$(TARGET_NAME)";
				SWIFT_VERSION = 3.0;
			};
			name = Release;
		};
		40A2A5D21EAE194E00A0241D /* Debug */ = {
			isa = XCBuildConfiguration;
			buildSettings = {
				ALWAYS_EMBED_SWIFT_STANDARD_LIBRARIES = YES;
				BUNDLE_LOADER = "$(TEST_HOST)";
				INFOPLIST_FILE = day04Tests/Info.plist;
				LD_RUNPATH_SEARCH_PATHS = "$(inherited) @executable_path/Frameworks @loader_path/Frameworks";
				PRODUCT_BUNDLE_IDENTIFIER = com.fitnesslabs.Photowave2.day04Tests;
				PRODUCT_NAME = "$(TARGET_NAME)";
				SWIFT_VERSION = 3.0;
				TEST_HOST = "$(BUILT_PRODUCTS_DIR)/day04.app/day04";
			};
			name = Debug;
		};
		40A2A5D31EAE194E00A0241D /* Release */ = {
			isa = XCBuildConfiguration;
			buildSettings = {
				ALWAYS_EMBED_SWIFT_STANDARD_LIBRARIES = YES;
				BUNDLE_LOADER = "$(TEST_HOST)";
				INFOPLIST_FILE = day04Tests/Info.plist;
				LD_RUNPATH_SEARCH_PATHS = "$(inherited) @executable_path/Frameworks @loader_path/Frameworks";
				PRODUCT_BUNDLE_IDENTIFIER = com.fitnesslabs.Photowave2.day04Tests;
				PRODUCT_NAME = "$(TARGET_NAME)";
				SWIFT_VERSION = 3.0;
				TEST_HOST = "$(BUILT_PRODUCTS_DIR)/day04.app/day04";
			};
			name = Release;
		};
		40A2A5D51EAE194E00A0241D /* Debug */ = {
			isa = XCBuildConfiguration;
			buildSettings = {
				ALWAYS_EMBED_SWIFT_STANDARD_LIBRARIES = YES;
				INFOPLIST_FILE = day04UITests/Info.plist;
				LD_RUNPATH_SEARCH_PATHS = "$(inherited) @executable_path/Frameworks @loader_path/Frameworks";
				PRODUCT_BUNDLE_IDENTIFIER = com.fitnesslabs.Photowave2.day04UITests;
				PRODUCT_NAME = "$(TARGET_NAME)";
				SWIFT_VERSION = 3.0;
				TEST_TARGET_NAME = day04;
			};
			name = Debug;
		};
		40A2A5D61EAE194E00A0241D /* Release */ = {
			isa = XCBuildConfiguration;
			buildSettings = {
				ALWAYS_EMBED_SWIFT_STANDARD_LIBRARIES = YES;
				INFOPLIST_FILE = day04UITests/Info.plist;
				LD_RUNPATH_SEARCH_PATHS = "$(inherited) @executable_path/Frameworks @loader_path/Frameworks";
				PRODUCT_BUNDLE_IDENTIFIER = com.fitnesslabs.Photowave2.day04UITests;
				PRODUCT_NAME = "$(TARGET_NAME)";
				SWIFT_VERSION = 3.0;
				TEST_TARGET_NAME = day04;
			};
			name = Release;
		};
/* End XCBuildConfiguration section */

/* Begin XCConfigurationList section */
		40A2A5A11EAE194E00A0241D /* Build configuration list for PBXProject "day04" */ = {
			isa = XCConfigurationList;
			buildConfigurations = (
				40A2A5CC1EAE194E00A0241D /* Debug */,
				40A2A5CD1EAE194E00A0241D /* Release */,
			);
			defaultConfigurationIsVisible = 0;
			defaultConfigurationName = Release;
		};
		40A2A5CE1EAE194E00A0241D /* Build configuration list for PBXNativeTarget "day04" */ = {
			isa = XCConfigurationList;
			buildConfigurations = (
				40A2A5CF1EAE194E00A0241D /* Debug */,
				40A2A5D01EAE194E00A0241D /* Release */,
			);
			defaultConfigurationIsVisible = 0;
		};
		40A2A5D11EAE194E00A0241D /* Build configuration list for PBXNativeTarget "day04Tests" */ = {
			isa = XCConfigurationList;
			buildConfigurations = (
				40A2A5D21EAE194E00A0241D /* Debug */,
				40A2A5D31EAE194E00A0241D /* Release */,
			);
			defaultConfigurationIsVisible = 0;
		};
		40A2A5D41EAE194E00A0241D /* Build configuration list for PBXNativeTarget "day04UITests" */ = {
			isa = XCConfigurationList;
			buildConfigurations = (
				40A2A5D51EAE194E00A0241D /* Debug */,
				40A2A5D61EAE194E00A0241D /* Release */,
			);
			defaultConfigurationIsVisible = 0;
		};
/* End XCConfigurationList section */
	};
	rootObject = 40A2A59E1EAE194E00A0241D /* Project object */;
}
